
Microsoft Visual Studio Solution File, Format Version 12.00
# Visual Studio 15
VisualStudioVersion = 15.0.27428.2002
MinimumVisualStudioVersion = 10.0.40219.1
Project("{FAE04EC0-301F-11D3-BF4B-00C04F79EFBC}") = "Sitecore.BurjKnight.Riders", "Sitecore.BurjKnight.Riders\Sitecore.BurjKnight.Riders.csproj", "{D50250A9-3D7F-4049-853D-67D19D32F061}"
EndProject
Global
	GlobalSection(SolutionConfigurationPlatforms) = preSolution
		Debug|Any CPU = Debug|Any CPU
		Release|Any CPU = Release|Any CPU
	EndGlobalSection
	GlobalSection(ProjectConfigurationPlatforms) = postSolution
		{D50250A9-3D7F-4049-853D-67D19D32F061}.Debug|Any CPU.ActiveCfg = Debug|Any CPU
		{D50250A9-3D7F-4049-853D-67D19D32F061}.Debug|Any CPU.Build.0 = Debug|Any CPU
		{D50250A9-3D7F-4049-853D-67D19D32F061}.Release|Any CPU.ActiveCfg = Release|Any CPU
		{D50250A9-3D7F-4049-853D-67D19D32F061}.Release|Any CPU.Build.0 = Release|Any CPU
	EndGlobalSection
	GlobalSection(SolutionProperties) = preSolution
		HideSolutionNode = FALSE
	EndGlobalSection
	GlobalSection(ExtensibilityGlobals) = postSolution
		SolutionGuid = {A3ACEA5E-9B4F-488B-ACDC-849A4580DE20}
	EndGlobalSection
EndGlobal
